<?xml version="1.0" encoding="utf-8"?>
<Project ToolsVersion="4.0" xmlns="http://schemas.microsoft.com/developer/msbuild/2003">
  <ItemGroup>
    <Filter Include="Source Files">
      <UniqueIdentifier>{4FC737F1-C7A5-4376-A066-2A32D752A2FF}</UniqueIdentifier>
      <Extensions>cpp;c;cc;cxx;c++;cppm;ixx;def;odl;idl;hpj;bat;asm;asmx</Extensions>
    </Filter>
    <Filter Include="Header Files">
      <UniqueIdentifier>{93995380-89BD-4b04-88EB-625FBE52EBFB}</UniqueIdentifier>
      <Extensions>h;hh;hpp;hxx;h++;hm;inl;inc;ipp;xsd</Extensions>
    </Filter>
    <Filter Include="Resource Files">
      <UniqueIdentifier>{67DA6AB6-F800-4c08-8B7A-83BB121AAD01}</UniqueIdentifier>
      <Extensions>rc;ico;cur;bmp;dlg;rc2;rct;bin;rgs;gif;jpg;jpeg;jpe;resx;tiff;tif;png;wav;mfcribbon-ms</Extensions>
    </Filter>
  </ItemGroup>
  <ItemGroup>
    <ClInclude Include="China-License-Plate-Recognition.h">
      <Filter>Header Files</Filter>
    </ClInclude>
    <ClInclude Include="China-License-Plate-RecognitionDlg.h">
      <Filter>Header Files</Filter>
    </ClInclude>
    <ClInclude Include="framework.h">
      <Filter>Header Files</Filter>
    </ClInclude>
    <ClInclude Include="targetver.h">
      <Filter>Header Files</Filter>
    </ClInclude>
    <ClInclude Include="Resource.h">
      <Filter>Header Files</Filter>
    </ClInclude>
    <ClInclude Include="pch.h">
      <Filter>Header Files</Filter>
    </ClInclude>
    <ClInclude Include="Const.h">
      <Filter>Header Files</Filter>
    </ClInclude>
    <ClInclude Include="xMemDC.h">
      <Filter>Header Files</Filter>
    </ClInclude>
    <ClInclude Include="xScenarioManager.h">
      <Filter>Header Files</Filter>
    </ClInclude>
    <ClInclude Include="DirDialog.h">
      <Filter>Header Files</Filter>
    </ClInclude>
    <ClInclude Include="EngineProcessor.h">
      <Filter>Header Files</Filter>
    </ClInclude>
    <ClInclude Include="Header_Wnd.h">
      <Filter>Header Files</Filter>
    </ClInclude>
    <ClInclude Include="ImageView.h">
      <Filter>Header Files</Filter>
    </ClInclude>
    <ClInclude Include="Menu_Wnd.h">
      <Filter>Header Files</Filter>
    </ClInclude>
    <ClInclude Include="PAGE_BaseWnd.h">
      <Filter>Header Files</Filter>
    </ClInclude>
    <ClInclude Include="Page_ImageWnd.h">
      <Filter>Header Files</Filter>
    </ClInclude>
    <ClInclude Include="UI_BaseWnd.h">
      <Filter>Header Files</Filter>
    </ClInclude>
    <ClInclude Include="UI_Button.h">
      <Filter>Header Files</Filter>
    </ClInclude>
    <ClInclude Include="Page_VideoWnd.h">
      <Filter>Header Files</Filter>
    </ClInclude>
    <ClInclude Include="CVideoProcessor.h">
      <Filter>Header Files</Filter>
    </ClInclude>
  </ItemGroup>
  <ItemGroup>
    <ClCompile Include="China-License-Plate-Recognition.cpp">
      <Filter>Source Files</Filter>
    </ClCompile>
    <ClCompile Include="China-License-Plate-RecognitionDlg.cpp">
      <Filter>Source Files</Filter>
    </ClCompile>
    <ClCompile Include="pch.cpp">
      <Filter>Source Files</Filter>
    </ClCompile>
    <ClCompile Include="Const.cpp">
      <Filter>Source Files</Filter>
    </ClCompile>
    <ClCompile Include="xMemDC.cpp">
      <Filter>Source Files</Filter>
    </ClCompile>
    <ClCompile Include="xScenarioManager.cpp">
      <Filter>Source Files</Filter>
    </ClCompile>
    <ClCompile Include="DirDialog.cpp">
      <Filter>Source Files</Filter>
    </ClCompile>
    <ClCompile Include="EngineProcessor.cpp">
      <Filter>Source Files</Filter>
    </ClCompile>
    <ClCompile Include="Header_Wnd.cpp">
      <Filter>Source Files</Filter>
    </ClCompile>
    <ClCompile Include="ImageView.cpp">
      <Filter>Source Files</Filter>
    </ClCompile>
    <ClCompile Include="Menu_Wnd.cpp">
      <Filter>Source Files</Filter>
    </ClCompile>
    <ClCompile Include="PAGE_BaseWnd.cpp">
      <Filter>Source Files</Filter>
    </ClCompile>
    <ClCompile Include="Page_ImageWnd.cpp">
      <Filter>Source Files</Filter>
    </ClCompile>
    <ClCompile Include="UI_BaseWnd.cpp">
      <Filter>Source Files</Filter>
    </ClCompile>
    <ClCompile Include="UI_Button.cpp">
      <Filter>Source Files</Filter>
    </ClCompile>
    <ClCompile Include="Page_VideoWnd.cpp">
      <Filter>Source Files</Filter>
    </ClCompile>
    <ClCompile Include="CVideoProcessor.cpp">
      <Filter>Source Files</Filter>
    </ClCompile>
  </ItemGroup>
  <ItemGroup>
    <ResourceCompile Include="ChinaLicensePlateRecognition.rc">
      <Filter>Resource Files</Filter>
    </ResourceCompile>
  </ItemGroup>
  <ItemGroup>
    <None Include="res\ChinaLicensePlateRecognition.rc2">
      <Filter>Resource Files</Filter>
    </None>
  </ItemGroup>
  <ItemGroup>
    <Image Include="res\China-License-Plate-Recognition.ico">
      <Filter>Resource Files</Filter>
    </Image>
    <Image Include="res\buttonicon.png">
      <Filter>Resource Files</Filter>
    </Image>
    <Image Include="res\logo.png">
      <Filter>Resource Files</Filter>
    </Image>
    <Image Include="res\maxi.png">
      <Filter>Resource Files</Filter>
    </Image>
  </ItemGroup>
</Project>